
Microsoft Visual Studio Solution File, Format Version 12.00
# Visual Studio Version 16
VisualStudioVersion = 16.0.29424.173
MinimumVisualStudioVersion = 10.0.40219.1
Project("{FAE04EC0-301F-11D3-BF4B-00C04F79EFBC}") = "GlueCsvEditor", "GlueCsvEditor\GlueCsvEditor.csproj", "{D73086FC-957E-4E3F-97FA-742CBBF02EA6}"
EndProject
Project("{FAE04EC0-301F-11D3-BF4B-00C04F79EFBC}") = "GlueCsvExecutable", "GlueCsvExecutable\GlueCsvExecutable.csproj", "{14EB17C3-EB27-475D-AE10-8B8C268BF83A}"
EndProject
Project("{9A19103F-16F7-4668-BE54-9A1E7A4F7556}") = "GlueCsvEditorCore", "GlueCsvEditor\GlueCsvEditorCore.csproj", "{B5225B81-369B-47B8-A04A-1C3B61764014}"
EndProject
Project("{FAE04EC0-301F-11D3-BF4B-00C04F79EFBC}") = "EditorObjectsXna4", "..\FlatRedBall\FRBDK\FRBDK Supporting Projects\EditorObjects\EditorObjectsXna4.csproj", "{E1D670B6-AD42-4B84-AFF8-D568097BE03D}"
EndProject
Project("{FAE04EC0-301F-11D3-BF4B-00C04F79EFBC}") = "FlatRedBall.Plugin", "..\FlatRedBall\FRBDK\Glue\FlatRedBall.Plugin\FlatRedBall.Plugin.csproj", "{2C289A72-D6BD-4358-AFBC-B71F9D31B01E}"
EndProject
Project("{FAE04EC0-301F-11D3-BF4B-00C04F79EFBC}") = "FlatRedBall.PropertyGrid", "..\FlatRedBall\FRBDK\Glue\FlatRedBall.PropertyGrid\FlatRedBall.PropertyGrid.csproj", "{5FE94178-9907-4878-AFAC-8F347CA86B50}"
EndProject
Project("{9A19103F-16F7-4668-BE54-9A1E7A4F7556}") = "GlueCommon", "..\FlatRedBall\FRBDK\Glue\GlueCommon\GlueCommon.csproj", "{91F0E85B-6028-4589-BAFB-10D8D4F30E04}"
EndProject
Project("{9A19103F-16F7-4668-BE54-9A1E7A4F7556}") = "GlueFormsCore", "..\FlatRedBall\FRBDK\Glue\Glue\GlueFormsCore.csproj", "{79E43EC0-BC30-47E3-9D9E-03B4DC4C10B8}"
EndProject
Project("{FAE04EC0-301F-11D3-BF4B-00C04F79EFBC}") = "GlueSaveClasses", "..\FlatRedBall\FRBDK\Glue\GlueSaveClasses\GlueSaveClasses.csproj", "{545FF183-4D9D-4121-9A04-1D354B0B0DBA}"
EndProject
Project("{FAE04EC0-301F-11D3-BF4B-00C04F79EFBC}") = "InputLibrary", "..\Gum\InputLibrary\InputLibrary.csproj", "{938D9A00-8529-4CE8-9077-E0A3994A73EA}"
EndProject
Project("{FAE04EC0-301F-11D3-BF4B-00C04F79EFBC}") = "RenderingLibrary", "..\Gum\RenderingLibrary\RenderingLibrary.csproj", "{A86EE399-7C93-42E1-80ED-CA4CBF4CA573}"
EndProject
Project("{FAE04EC0-301F-11D3-BF4B-00C04F79EFBC}") = "ToolsUtilities", "..\Gum\ToolsUtilities\ToolsUtilities.csproj", "{B941A93F-6093-4DC6-AD11-91A058B6C2CC}"
EndProject
Project("{FAE04EC0-301F-11D3-BF4B-00C04F79EFBC}") = "WpfDataUi", "..\Gum\WpfDataUi\WpfDataUi.csproj", "{47241002-7EB5-433B-B931-A530BB6B84EE}"
EndProject
Project("{FAE04EC0-301F-11D3-BF4B-00C04F79EFBC}") = "XnaAndWinforms", "..\Gum\XnaAndWinforms\XnaAndWinforms.csproj", "{C39A973C-66D6-4A6C-82B5-AE0042F210F8}"
EndProject
Project("{FAE04EC0-301F-11D3-BF4B-00C04F79EFBC}") = "FlatRedBall.SpecializedXnaControls", "..\FlatRedBall\FRBDK\FlatRedBall.SpecializedXnaControls\FlatRedBall.SpecializedXnaControls.csproj", "{8C80BA7B-1CBA-4579-9382-D9DC6C365070}"
EndProject
Global
	GlobalSection(SolutionConfigurationPlatforms) = preSolution
		AutomatedBuild|Any CPU = AutomatedBuild|Any CPU
		AutomatedBuild|x86 = AutomatedBuild|x86
		Debug|Any CPU = Debug|Any CPU
		Debug|x86 = Debug|x86
		Debug2|Any CPU = Debug2|Any CPU
		Debug2|x86 = Debug2|x86
		Release|Any CPU = Release|Any CPU
		Release|x86 = Release|x86
		UnitTest|Any CPU = UnitTest|Any CPU
		UnitTest|x86 = UnitTest|x86
		UnitTests|Any CPU = UnitTests|Any CPU
		UnitTests|x86 = UnitTests|x86
	EndGlobalSection
	GlobalSection(ProjectConfigurationPlatforms) = postSolution
		{D73086FC-957E-4E3F-97FA-742CBBF02EA6}.AutomatedBuild|Any CPU.ActiveCfg = Release|Any CPU
		{D73086FC-957E-4E3F-97FA-742CBBF02EA6}.AutomatedBuild|Any CPU.Build.0 = Release|Any CPU
		{D73086FC-957E-4E3F-97FA-742CBBF02EA6}.AutomatedBuild|x86.ActiveCfg = Release|Any CPU
		{D73086FC-957E-4E3F-97FA-742CBBF02EA6}.AutomatedBuild|x86.Build.0 = Release|Any CPU
		{D73086FC-957E-4E3F-97FA-742CBBF02EA6}.Debug|Any CPU.ActiveCfg = Debug|Any CPU
		{D73086FC-957E-4E3F-97FA-742CBBF02EA6}.Debug|Any CPU.Build.0 = Debug|Any CPU
		{D73086FC-957E-4E3F-97FA-742CBBF02EA6}.Debug|x86.ActiveCfg = Debug|Any CPU
		{D73086FC-957E-4E3F-97FA-742CBBF02EA6}.Debug|x86.Build.0 = Debug|Any CPU
		{D73086FC-957E-4E3F-97FA-742CBBF02EA6}.Debug2|Any CPU.ActiveCfg = Debug|Any CPU
		{D73086FC-957E-4E3F-97FA-742CBBF02EA6}.Debug2|Any CPU.Build.0 = Debug|Any CPU
		{D73086FC-957E-4E3F-97FA-742CBBF02EA6}.Debug2|x86.ActiveCfg = Debug|Any CPU
		{D73086FC-957E-4E3F-97FA-742CBBF02EA6}.Debug2|x86.Build.0 = Debug|Any CPU
		{D73086FC-957E-4E3F-97FA-742CBBF02EA6}.Release|Any CPU.ActiveCfg = Release|Any CPU
		{D73086FC-957E-4E3F-97FA-742CBBF02EA6}.Release|Any CPU.Build.0 = Release|Any CPU
		{D73086FC-957E-4E3F-97FA-742CBBF02EA6}.Release|x86.ActiveCfg = Release|Any CPU
		{D73086FC-957E-4E3F-97FA-742CBBF02EA6}.Release|x86.Build.0 = Release|Any CPU
		{D73086FC-957E-4E3F-97FA-742CBBF02EA6}.UnitTest|Any CPU.ActiveCfg = Release|Any CPU
		{D73086FC-957E-4E3F-97FA-742CBBF02EA6}.UnitTest|Any CPU.Build.0 = Release|Any CPU
		{D73086FC-957E-4E3F-97FA-742CBBF02EA6}.UnitTest|x86.ActiveCfg = Release|Any CPU
		{D73086FC-957E-4E3F-97FA-742CBBF02EA6}.UnitTest|x86.Build.0 = Release|Any CPU
		{D73086FC-957E-4E3F-97FA-742CBBF02EA6}.UnitTests|Any CPU.ActiveCfg = Release|Any CPU
		{D73086FC-957E-4E3F-97FA-742CBBF02EA6}.UnitTests|Any CPU.Build.0 = Release|Any CPU
		{D73086FC-957E-4E3F-97FA-742CBBF02EA6}.UnitTests|x86.ActiveCfg = Release|Any CPU
		{D73086FC-957E-4E3F-97FA-742CBBF02EA6}.UnitTests|x86.Build.0 = Release|Any CPU
		{14EB17C3-EB27-475D-AE10-8B8C268BF83A}.AutomatedBuild|Any CPU.ActiveCfg = Release|Any CPU
		{14EB17C3-EB27-475D-AE10-8B8C268BF83A}.AutomatedBuild|Any CPU.Build.0 = Release|Any CPU
		{14EB17C3-EB27-475D-AE10-8B8C268BF83A}.AutomatedBuild|x86.ActiveCfg = Release|Any CPU
		{14EB17C3-EB27-475D-AE10-8B8C268BF83A}.AutomatedBuild|x86.Build.0 = Release|Any CPU
		{14EB17C3-EB27-475D-AE10-8B8C268BF83A}.Debug|Any CPU.ActiveCfg = Debug|Any CPU
		{14EB17C3-EB27-475D-AE10-8B8C268BF83A}.Debug|Any CPU.Build.0 = Debug|Any CPU
		{14EB17C3-EB27-475D-AE10-8B8C268BF83A}.Debug|x86.ActiveCfg = Debug|Any CPU
		{14EB17C3-EB27-475D-AE10-8B8C268BF83A}.Debug|x86.Build.0 = Debug|Any CPU
		{14EB17C3-EB27-475D-AE10-8B8C268BF83A}.Debug2|Any CPU.ActiveCfg = Debug|Any CPU
		{14EB17C3-EB27-475D-AE10-8B8C268BF83A}.Debug2|Any CPU.Build.0 = Debug|Any CPU
		{14EB17C3-EB27-475D-AE10-8B8C268BF83A}.Debug2|x86.ActiveCfg = Debug|Any CPU
		{14EB17C3-EB27-475D-AE10-8B8C268BF83A}.Debug2|x86.Build.0 = Debug|Any CPU
		{14EB17C3-EB27-475D-AE10-8B8C268BF83A}.Release|Any CPU.ActiveCfg = Release|Any CPU
		{14EB17C3-EB27-475D-AE10-8B8C268BF83A}.Release|Any CPU.Build.0 = Release|Any CPU
		{14EB17C3-EB27-475D-AE10-8B8C268BF83A}.Release|x86.ActiveCfg = Release|Any CPU
		{14EB17C3-EB27-475D-AE10-8B8C268BF83A}.Release|x86.Build.0 = Release|Any CPU
		{14EB17C3-EB27-475D-AE10-8B8C268BF83A}.UnitTest|Any CPU.ActiveCfg = Release|Any CPU
		{14EB17C3-EB27-475D-AE10-8B8C268BF83A}.UnitTest|Any CPU.Build.0 = Release|Any CPU
		{14EB17C3-EB27-475D-AE10-8B8C268BF83A}.UnitTest|x86.ActiveCfg = Release|Any CPU
		{14EB17C3-EB27-475D-AE10-8B8C268BF83A}.UnitTest|x86.Build.0 = Release|Any CPU
		{14EB17C3-EB27-475D-AE10-8B8C268BF83A}.UnitTests|Any CPU.ActiveCfg = Release|Any CPU
		{14EB17C3-EB27-475D-AE10-8B8C268BF83A}.UnitTests|Any CPU.Build.0 = Release|Any CPU
		{14EB17C3-EB27-475D-AE10-8B8C268BF83A}.UnitTests|x86.ActiveCfg = Release|Any CPU
		{14EB17C3-EB27-475D-AE10-8B8C268BF83A}.UnitTests|x86.Build.0 = Release|Any CPU
		{B5225B81-369B-47B8-A04A-1C3B61764014}.AutomatedBuild|Any CPU.ActiveCfg = Debug|Any CPU
		{B5225B81-369B-47B8-A04A-1C3B61764014}.AutomatedBuild|Any CPU.Build.0 = Debug|Any CPU
		{B5225B81-369B-47B8-A04A-1C3B61764014}.AutomatedBuild|x86.ActiveCfg = Debug|Any CPU
		{B5225B81-369B-47B8-A04A-1C3B61764014}.AutomatedBuild|x86.Build.0 = Debug|Any CPU
		{B5225B81-369B-47B8-A04A-1C3B61764014}.Debug|Any CPU.ActiveCfg = Debug|Any CPU
		{B5225B81-369B-47B8-A04A-1C3B61764014}.Debug|Any CPU.Build.0 = Debug|Any CPU
		{B5225B81-369B-47B8-A04A-1C3B61764014}.Debug|x86.ActiveCfg = Debug|Any CPU
		{B5225B81-369B-47B8-A04A-1C3B61764014}.Debug|x86.Build.0 = Debug|Any CPU
		{B5225B81-369B-47B8-A04A-1C3B61764014}.Debug2|Any CPU.ActiveCfg = Debug|Any CPU
		{B5225B81-369B-47B8-A04A-1C3B61764014}.Debug2|Any CPU.Build.0 = Debug|Any CPU
		{B5225B81-369B-47B8-A04A-1C3B61764014}.Debug2|x86.ActiveCfg = Debug|Any CPU
		{B5225B81-369B-47B8-A04A-1C3B61764014}.Debug2|x86.Build.0 = Debug|Any CPU
		{B5225B81-369B-47B8-A04A-1C3B61764014}.Release|Any CPU.ActiveCfg = Release|Any CPU
		{B5225B81-369B-47B8-A04A-1C3B61764014}.Release|Any CPU.Build.0 = Release|Any CPU
		{B5225B81-369B-47B8-A04A-1C3B61764014}.Release|x86.ActiveCfg = Release|Any CPU
		{B5225B81-369B-47B8-A04A-1C3B61764014}.Release|x86.Build.0 = Release|Any CPU
		{B5225B81-369B-47B8-A04A-1C3B61764014}.UnitTest|Any CPU.ActiveCfg = Debug|Any CPU
		{B5225B81-369B-47B8-A04A-1C3B61764014}.UnitTest|Any CPU.Build.0 = Debug|Any CPU
		{B5225B81-369B-47B8-A04A-1C3B61764014}.UnitTest|x86.ActiveCfg = Debug|Any CPU
		{B5225B81-369B-47B8-A04A-1C3B61764014}.UnitTest|x86.Build.0 = Debug|Any CPU
		{B5225B81-369B-47B8-A04A-1C3B61764014}.UnitTests|Any CPU.ActiveCfg = Debug|Any CPU
		{B5225B81-369B-47B8-A04A-1C3B61764014}.UnitTests|Any CPU.Build.0 = Debug|Any CPU
		{B5225B81-369B-47B8-A04A-1C3B61764014}.UnitTests|x86.ActiveCfg = Debug|Any CPU
		{B5225B81-369B-47B8-A04A-1C3B61764014}.UnitTests|x86.Build.0 = Debug|Any CPU
		{E1D670B6-AD42-4B84-AFF8-D568097BE03D}.AutomatedBuild|Any CPU.ActiveCfg = AutomatedBuild|Any CPU
		{E1D670B6-AD42-4B84-AFF8-D568097BE03D}.AutomatedBuild|Any CPU.Build.0 = AutomatedBuild|Any CPU
		{E1D670B6-AD42-4B84-AFF8-D568097BE03D}.AutomatedBuild|x86.ActiveCfg = AutomatedBuild|x86
		{E1D670B6-AD42-4B84-AFF8-D568097BE03D}.AutomatedBuild|x86.Build.0 = AutomatedBuild|x86
		{E1D670B6-AD42-4B84-AFF8-D568097BE03D}.Debug|Any CPU.ActiveCfg = Debug|Any CPU
		{E1D670B6-AD42-4B84-AFF8-D568097BE03D}.Debug|Any CPU.Build.0 = Debug|Any CPU
		{E1D670B6-AD42-4B84-AFF8-D568097BE03D}.Debug|x86.ActiveCfg = Debug|x86
		{E1D670B6-AD42-4B84-AFF8-D568097BE03D}.Debug|x86.Build.0 = Debug|x86
		{E1D670B6-AD42-4B84-AFF8-D568097BE03D}.Debug2|Any CPU.ActiveCfg = Debug2|Any CPU
		{E1D670B6-AD42-4B84-AFF8-D568097BE03D}.Debug2|Any CPU.Build.0 = Debug2|Any CPU
		{E1D670B6-AD42-4B84-AFF8-D568097BE03D}.Debug2|x86.ActiveCfg = Debug2|x86
		{E1D670B6-AD42-4B84-AFF8-D568097BE03D}.Debug2|x86.Build.0 = Debug2|x86
		{E1D670B6-AD42-4B84-AFF8-D568097BE03D}.Release|Any CPU.ActiveCfg = Release|Any CPU
		{E1D670B6-AD42-4B84-AFF8-D568097BE03D}.Release|Any CPU.Build.0 = Release|Any CPU
		{E1D670B6-AD42-4B84-AFF8-D568097BE03D}.Release|x86.ActiveCfg = Release|x86
		{E1D670B6-AD42-4B84-AFF8-D568097BE03D}.Release|x86.Build.0 = Release|x86
		{E1D670B6-AD42-4B84-AFF8-D568097BE03D}.UnitTest|Any CPU.ActiveCfg = UnitTests|Any CPU
		{E1D670B6-AD42-4B84-AFF8-D568097BE03D}.UnitTest|Any CPU.Build.0 = UnitTests|Any CPU
		{E1D670B6-AD42-4B84-AFF8-D568097BE03D}.UnitTest|x86.ActiveCfg = UnitTests|x86
		{E1D670B6-AD42-4B84-AFF8-D568097BE03D}.UnitTest|x86.Build.0 = UnitTests|x86
		{E1D670B6-AD42-4B84-AFF8-D568097BE03D}.UnitTests|Any CPU.ActiveCfg = UnitTests|Any CPU
		{E1D670B6-AD42-4B84-AFF8-D568097BE03D}.UnitTests|Any CPU.Build.0 = UnitTests|Any CPU
		{E1D670B6-AD42-4B84-AFF8-D568097BE03D}.UnitTests|x86.ActiveCfg = UnitTests|x86
		{E1D670B6-AD42-4B84-AFF8-D568097BE03D}.UnitTests|x86.Build.0 = UnitTests|x86
		{2C289A72-D6BD-4358-AFBC-B71F9D31B01E}.AutomatedBuild|Any CPU.ActiveCfg = Debug2|Any CPU
		{2C289A72-D6BD-4358-AFBC-B71F9D31B01E}.AutomatedBuild|Any CPU.Build.0 = Debug2|Any CPU
		{2C289A72-D6BD-4358-AFBC-B71F9D31B01E}.AutomatedBuild|x86.ActiveCfg = Debug2|x86
		{2C289A72-D6BD-4358-AFBC-B71F9D31B01E}.AutomatedBuild|x86.Build.0 = Debug2|x86
		{2C289A72-D6BD-4358-AFBC-B71F9D31B01E}.Debug|Any CPU.ActiveCfg = Debug|Any CPU
		{2C289A72-D6BD-4358-AFBC-B71F9D31B01E}.Debug|Any CPU.Build.0 = Debug|Any CPU
		{2C289A72-D6BD-4358-AFBC-B71F9D31B01E}.Debug|x86.ActiveCfg = Debug|x86
		{2C289A72-D6BD-4358-AFBC-B71F9D31B01E}.Debug|x86.Build.0 = Debug|x86
		{2C289A72-D6BD-4358-AFBC-B71F9D31B01E}.Debug2|Any CPU.ActiveCfg = Debug2|Any CPU
		{2C289A72-D6BD-4358-AFBC-B71F9D31B01E}.Debug2|Any CPU.Build.0 = Debug2|Any CPU
		{2C289A72-D6BD-4358-AFBC-B71F9D31B01E}.Debug2|x86.ActiveCfg = Debug2|x86
		{2C289A72-D6BD-4358-AFBC-B71F9D31B01E}.Debug2|x86.Build.0 = Debug2|x86
		{2C289A72-D6BD-4358-AFBC-B71F9D31B01E}.Release|Any CPU.ActiveCfg = Release|Any CPU
		{2C289A72-D6BD-4358-AFBC-B71F9D31B01E}.Release|Any CPU.Build.0 = Release|Any CPU
		{2C289A72-D6BD-4358-AFBC-B71F9D31B01E}.Release|x86.ActiveCfg = Release|x86
		{2C289A72-D6BD-4358-AFBC-B71F9D31B01E}.Release|x86.Build.0 = Release|x86
		{2C289A72-D6BD-4358-AFBC-B71F9D31B01E}.UnitTest|Any CPU.ActiveCfg = UnitTests|Any CPU
		{2C289A72-D6BD-4358-AFBC-B71F9D31B01E}.UnitTest|Any CPU.Build.0 = UnitTests|Any CPU
		{2C289A72-D6BD-4358-AFBC-B71F9D31B01E}.UnitTest|x86.ActiveCfg = UnitTests|x86
		{2C289A72-D6BD-4358-AFBC-B71F9D31B01E}.UnitTest|x86.Build.0 = UnitTests|x86
		{2C289A72-D6BD-4358-AFBC-B71F9D31B01E}.UnitTests|Any CPU.ActiveCfg = UnitTests|Any CPU
		{2C289A72-D6BD-4358-AFBC-B71F9D31B01E}.UnitTests|Any CPU.Build.0 = UnitTests|Any CPU
		{2C289A72-D6BD-4358-AFBC-B71F9D31B01E}.UnitTests|x86.ActiveCfg = UnitTests|x86
		{2C289A72-D6BD-4358-AFBC-B71F9D31B01E}.UnitTests|x86.Build.0 = UnitTests|x86
		{5FE94178-9907-4878-AFAC-8F347CA86B50}.AutomatedBuild|Any CPU.ActiveCfg = AutomatedBuild|Any CPU
		{5FE94178-9907-4878-AFAC-8F347CA86B50}.AutomatedBuild|Any CPU.Build.0 = AutomatedBuild|Any CPU
		{5FE94178-9907-4878-AFAC-8F347CA86B50}.AutomatedBuild|x86.ActiveCfg = AutomatedBuild|x86
		{5FE94178-9907-4878-AFAC-8F347CA86B50}.AutomatedBuild|x86.Build.0 = AutomatedBuild|x86
		{5FE94178-9907-4878-AFAC-8F347CA86B50}.Debug|Any CPU.ActiveCfg = Debug|Any CPU
		{5FE94178-9907-4878-AFAC-8F347CA86B50}.Debug|Any CPU.Build.0 = Debug|Any CPU
		{5FE94178-9907-4878-AFAC-8F347CA86B50}.Debug|x86.ActiveCfg = Debug|x86
		{5FE94178-9907-4878-AFAC-8F347CA86B50}.Debug|x86.Build.0 = Debug|x86
		{5FE94178-9907-4878-AFAC-8F347CA86B50}.Debug2|Any CPU.ActiveCfg = Debug2|Any CPU
		{5FE94178-9907-4878-AFAC-8F347CA86B50}.Debug2|Any CPU.Build.0 = Debug2|Any CPU
		{5FE94178-9907-4878-AFAC-8F347CA86B50}.Debug2|x86.ActiveCfg = Debug2|x86
		{5FE94178-9907-4878-AFAC-8F347CA86B50}.Debug2|x86.Build.0 = Debug2|x86
		{5FE94178-9907-4878-AFAC-8F347CA86B50}.Release|Any CPU.ActiveCfg = Release|Any CPU
		{5FE94178-9907-4878-AFAC-8F347CA86B50}.Release|Any CPU.Build.0 = Release|Any CPU
		{5FE94178-9907-4878-AFAC-8F347CA86B50}.Release|x86.ActiveCfg = Release|x86
		{5FE94178-9907-4878-AFAC-8F347CA86B50}.Release|x86.Build.0 = Release|x86
		{5FE94178-9907-4878-AFAC-8F347CA86B50}.UnitTest|Any CPU.ActiveCfg = Debug2|Any CPU
		{5FE94178-9907-4878-AFAC-8F347CA86B50}.UnitTest|Any CPU.Build.0 = Debug2|Any CPU
		{5FE94178-9907-4878-AFAC-8F347CA86B50}.UnitTest|x86.ActiveCfg = Debug2|x86
		{5FE94178-9907-4878-AFAC-8F347CA86B50}.UnitTest|x86.Build.0 = Debug2|x86
		{5FE94178-9907-4878-AFAC-8F347CA86B50}.UnitTests|Any CPU.ActiveCfg = Debug2|Any CPU
		{5FE94178-9907-4878-AFAC-8F347CA86B50}.UnitTests|Any CPU.Build.0 = Debug2|Any CPU
		{5FE94178-9907-4878-AFAC-8F347CA86B50}.UnitTests|x86.ActiveCfg = Debug2|x86
		{5FE94178-9907-4878-AFAC-8F347CA86B50}.UnitTests|x86.Build.0 = Debug2|x86
		{91F0E85B-6028-4589-BAFB-10D8D4F30E04}.AutomatedBuild|Any CPU.ActiveCfg = Debug|Any CPU
		{91F0E85B-6028-4589-BAFB-10D8D4F30E04}.AutomatedBuild|Any CPU.Build.0 = Debug|Any CPU
		{91F0E85B-6028-4589-BAFB-10D8D4F30E04}.AutomatedBuild|x86.ActiveCfg = Release|x86
		{91F0E85B-6028-4589-BAFB-10D8D4F30E04}.AutomatedBuild|x86.Build.0 = Release|x86
		{91F0E85B-6028-4589-BAFB-10D8D4F30E04}.Debug|Any CPU.ActiveCfg = Debug|Any CPU
		{91F0E85B-6028-4589-BAFB-10D8D4F30E04}.Debug|Any CPU.Build.0 = Debug|Any CPU
		{91F0E85B-6028-4589-BAFB-10D8D4F30E04}.Debug|x86.ActiveCfg = Debug|x86
		{91F0E85B-6028-4589-BAFB-10D8D4F30E04}.Debug|x86.Build.0 = Debug|x86
		{91F0E85B-6028-4589-BAFB-10D8D4F30E04}.Debug2|Any CPU.ActiveCfg = Debug|Any CPU
		{91F0E85B-6028-4589-BAFB-10D8D4F30E04}.Debug2|Any CPU.Build.0 = Debug|Any CPU
		{91F0E85B-6028-4589-BAFB-10D8D4F30E04}.Debug2|x86.ActiveCfg = Debug|x86
		{91F0E85B-6028-4589-BAFB-10D8D4F30E04}.Debug2|x86.Build.0 = Debug|x86
		{91F0E85B-6028-4589-BAFB-10D8D4F30E04}.Release|Any CPU.ActiveCfg = Release|Any CPU
		{91F0E85B-6028-4589-BAFB-10D8D4F30E04}.Release|Any CPU.Build.0 = Release|Any CPU
		{91F0E85B-6028-4589-BAFB-10D8D4F30E04}.Release|x86.ActiveCfg = Release|x86
		{91F0E85B-6028-4589-BAFB-10D8D4F30E04}.Release|x86.Build.0 = Release|x86
		{91F0E85B-6028-4589-BAFB-10D8D4F30E04}.UnitTest|Any CPU.ActiveCfg = Debug|Any CPU
		{91F0E85B-6028-4589-BAFB-10D8D4F30E04}.UnitTest|Any CPU.Build.0 = Debug|Any CPU
		{91F0E85B-6028-4589-BAFB-10D8D4F30E04}.UnitTest|x86.ActiveCfg = Release|x86
		{91F0E85B-6028-4589-BAFB-10D8D4F30E04}.UnitTest|x86.Build.0 = Release|x86
		{91F0E85B-6028-4589-BAFB-10D8D4F30E04}.UnitTests|Any CPU.ActiveCfg = Debug|Any CPU
		{91F0E85B-6028-4589-BAFB-10D8D4F30E04}.UnitTests|Any CPU.Build.0 = Debug|Any CPU
		{91F0E85B-6028-4589-BAFB-10D8D4F30E04}.UnitTests|x86.ActiveCfg = Release|x86
		{91F0E85B-6028-4589-BAFB-10D8D4F30E04}.UnitTests|x86.Build.0 = Release|x86
		{79E43EC0-BC30-47E3-9D9E-03B4DC4C10B8}.AutomatedBuild|Any CPU.ActiveCfg = Debug|Any CPU
		{79E43EC0-BC30-47E3-9D9E-03B4DC4C10B8}.AutomatedBuild|Any CPU.Build.0 = Debug|Any CPU
		{79E43EC0-BC30-47E3-9D9E-03B4DC4C10B8}.AutomatedBuild|x86.ActiveCfg = Release|x86
		{79E43EC0-BC30-47E3-9D9E-03B4DC4C10B8}.AutomatedBuild|x86.Build.0 = Release|x86
		{79E43EC0-BC30-47E3-9D9E-03B4DC4C10B8}.Debug|Any CPU.ActiveCfg = Debug|Any CPU
		{79E43EC0-BC30-47E3-9D9E-03B4DC4C10B8}.Debug|Any CPU.Build.0 = Debug|Any CPU
		{79E43EC0-BC30-47E3-9D9E-03B4DC4C10B8}.Debug|x86.ActiveCfg = Debug|x86
		{79E43EC0-BC30-47E3-9D9E-03B4DC4C10B8}.Debug|x86.Build.0 = Debug|x86
		{79E43EC0-BC30-47E3-9D9E-03B4DC4C10B8}.Debug2|Any CPU.ActiveCfg = Debug|Any CPU
		{79E43EC0-BC30-47E3-9D9E-03B4DC4C10B8}.Debug2|Any CPU.Build.0 = Debug|Any CPU
		{79E43EC0-BC30-47E3-9D9E-03B4DC4C10B8}.Debug2|x86.ActiveCfg = Debug|x86
		{79E43EC0-BC30-47E3-9D9E-03B4DC4C10B8}.Debug2|x86.Build.0 = Debug|x86
		{79E43EC0-BC30-47E3-9D9E-03B4DC4C10B8}.Release|Any CPU.ActiveCfg = Release|Any CPU
		{79E43EC0-BC30-47E3-9D9E-03B4DC4C10B8}.Release|Any CPU.Build.0 = Release|Any CPU
		{79E43EC0-BC30-47E3-9D9E-03B4DC4C10B8}.Release|x86.ActiveCfg = Release|x86
		{79E43EC0-BC30-47E3-9D9E-03B4DC4C10B8}.Release|x86.Build.0 = Release|x86
		{79E43EC0-BC30-47E3-9D9E-03B4DC4C10B8}.UnitTest|Any CPU.ActiveCfg = Debug|Any CPU
		{79E43EC0-BC30-47E3-9D9E-03B4DC4C10B8}.UnitTest|Any CPU.Build.0 = Debug|Any CPU
		{79E43EC0-BC30-47E3-9D9E-03B4DC4C10B8}.UnitTest|x86.ActiveCfg = Release|x86
		{79E43EC0-BC30-47E3-9D9E-03B4DC4C10B8}.UnitTest|x86.Build.0 = Release|x86
		{79E43EC0-BC30-47E3-9D9E-03B4DC4C10B8}.UnitTests|Any CPU.ActiveCfg = Debug|Any CPU
		{79E43EC0-BC30-47E3-9D9E-03B4DC4C10B8}.UnitTests|Any CPU.Build.0 = Debug|Any CPU
		{79E43EC0-BC30-47E3-9D9E-03B4DC4C10B8}.UnitTests|x86.ActiveCfg = Release|x86
		{79E43EC0-BC30-47E3-9D9E-03B4DC4C10B8}.UnitTests|x86.Build.0 = Release|x86
		{545FF183-4D9D-4121-9A04-1D354B0B0DBA}.AutomatedBuild|Any CPU.ActiveCfg = AutomatedBuild|Any CPU
		{545FF183-4D9D-4121-9A04-1D354B0B0DBA}.AutomatedBuild|Any CPU.Build.0 = AutomatedBuild|Any CPU
		{545FF183-4D9D-4121-9A04-1D354B0B0DBA}.AutomatedBuild|x86.ActiveCfg = AutomatedBuild|x86
		{545FF183-4D9D-4121-9A04-1D354B0B0DBA}.AutomatedBuild|x86.Build.0 = AutomatedBuild|x86
		{545FF183-4D9D-4121-9A04-1D354B0B0DBA}.Debug|Any CPU.ActiveCfg = Debug|Any CPU
		{545FF183-4D9D-4121-9A04-1D354B0B0DBA}.Debug|Any CPU.Build.0 = Debug|Any CPU
		{545FF183-4D9D-4121-9A04-1D354B0B0DBA}.Debug|x86.ActiveCfg = Debug|x86
		{545FF183-4D9D-4121-9A04-1D354B0B0DBA}.Debug|x86.Build.0 = Debug|x86
		{545FF183-4D9D-4121-9A04-1D354B0B0DBA}.Debug2|Any CPU.ActiveCfg = Debug2|Any CPU
		{545FF183-4D9D-4121-9A04-1D354B0B0DBA}.Debug2|Any CPU.Build.0 = Debug2|Any CPU
		{545FF183-4D9D-4121-9A04-1D354B0B0DBA}.Debug2|x86.ActiveCfg = Debug2|x86
		{545FF183-4D9D-4121-9A04-1D354B0B0DBA}.Debug2|x86.Build.0 = Debug2|x86
		{545FF183-4D9D-4121-9A04-1D354B0B0DBA}.Release|Any CPU.ActiveCfg = Release|Any CPU
		{545FF183-4D9D-4121-9A04-1D354B0B0DBA}.Release|Any CPU.Build.0 = Release|Any CPU
		{545FF183-4D9D-4121-9A04-1D354B0B0DBA}.Release|x86.ActiveCfg = Release|x86
		{545FF183-4D9D-4121-9A04-1D354B0B0DBA}.Release|x86.Build.0 = Release|x86
		{545FF183-4D9D-4121-9A04-1D354B0B0DBA}.UnitTest|Any CPU.ActiveCfg = Debug2|Any CPU
		{545FF183-4D9D-4121-9A04-1D354B0B0DBA}.UnitTest|Any CPU.Build.0 = Debug2|Any CPU
		{545FF183-4D9D-4121-9A04-1D354B0B0DBA}.UnitTest|x86.ActiveCfg = Debug2|x86
		{545FF183-4D9D-4121-9A04-1D354B0B0DBA}.UnitTest|x86.Build.0 = Debug2|x86
		{545FF183-4D9D-4121-9A04-1D354B0B0DBA}.UnitTests|Any CPU.ActiveCfg = Debug2|Any CPU
		{545FF183-4D9D-4121-9A04-1D354B0B0DBA}.UnitTests|Any CPU.Build.0 = Debug2|Any CPU
		{545FF183-4D9D-4121-9A04-1D354B0B0DBA}.UnitTests|x86.ActiveCfg = Debug2|x86
		{545FF183-4D9D-4121-9A04-1D354B0B0DBA}.UnitTests|x86.Build.0 = Debug2|x86
		{938D9A00-8529-4CE8-9077-E0A3994A73EA}.AutomatedBuild|Any CPU.ActiveCfg = AutomatedBuild|x86
		{938D9A00-8529-4CE8-9077-E0A3994A73EA}.AutomatedBuild|x86.ActiveCfg = AutomatedBuild|x86
		{938D9A00-8529-4CE8-9077-E0A3994A73EA}.AutomatedBuild|x86.Build.0 = AutomatedBuild|x86
		{938D9A00-8529-4CE8-9077-E0A3994A73EA}.Debug|Any CPU.ActiveCfg = Debug|x86
		{938D9A00-8529-4CE8-9077-E0A3994A73EA}.Debug|x86.ActiveCfg = Debug|x86
		{938D9A00-8529-4CE8-9077-E0A3994A73EA}.Debug|x86.Build.0 = Debug|x86
		{938D9A00-8529-4CE8-9077-E0A3994A73EA}.Debug2|Any CPU.ActiveCfg = Debug2|x86
		{938D9A00-8529-4CE8-9077-E0A3994A73EA}.Debug2|x86.ActiveCfg = Debug2|x86
		{938D9A00-8529-4CE8-9077-E0A3994A73EA}.Debug2|x86.Build.0 = Debug2|x86
		{938D9A00-8529-4CE8-9077-E0A3994A73EA}.Release|Any CPU.ActiveCfg = Release|x86
		{938D9A00-8529-4CE8-9077-E0A3994A73EA}.Release|x86.ActiveCfg = Release|x86
		{938D9A00-8529-4CE8-9077-E0A3994A73EA}.Release|x86.Build.0 = Release|x86
		{938D9A00-8529-4CE8-9077-E0A3994A73EA}.UnitTest|Any CPU.ActiveCfg = Debug2|x86
		{938D9A00-8529-4CE8-9077-E0A3994A73EA}.UnitTest|Any CPU.Build.0 = Debug2|x86
		{938D9A00-8529-4CE8-9077-E0A3994A73EA}.UnitTest|x86.ActiveCfg = Debug2|x86
		{938D9A00-8529-4CE8-9077-E0A3994A73EA}.UnitTest|x86.Build.0 = Debug2|x86
		{938D9A00-8529-4CE8-9077-E0A3994A73EA}.UnitTests|Any CPU.ActiveCfg = Debug2|x86
		{938D9A00-8529-4CE8-9077-E0A3994A73EA}.UnitTests|Any CPU.Build.0 = Debug2|x86
		{938D9A00-8529-4CE8-9077-E0A3994A73EA}.UnitTests|x86.ActiveCfg = Debug2|x86
		{938D9A00-8529-4CE8-9077-E0A3994A73EA}.UnitTests|x86.Build.0 = Debug2|x86
		{A86EE399-7C93-42E1-80ED-CA4CBF4CA573}.AutomatedBuild|Any CPU.ActiveCfg = AutomatedBuild|x86
		{A86EE399-7C93-42E1-80ED-CA4CBF4CA573}.AutomatedBuild|x86.ActiveCfg = AutomatedBuild|x86
		{A86EE399-7C93-42E1-80ED-CA4CBF4CA573}.AutomatedBuild|x86.Build.0 = AutomatedBuild|x86
		{A86EE399-7C93-42E1-80ED-CA4CBF4CA573}.Debug|Any CPU.ActiveCfg = Debug|x86
		{A86EE399-7C93-42E1-80ED-CA4CBF4CA573}.Debug|x86.ActiveCfg = Debug|x86
		{A86EE399-7C93-42E1-80ED-CA4CBF4CA573}.Debug|x86.Build.0 = Debug|x86
		{A86EE399-7C93-42E1-80ED-CA4CBF4CA573}.Debug2|Any CPU.ActiveCfg = Debug2|x86
		{A86EE399-7C93-42E1-80ED-CA4CBF4CA573}.Debug2|x86.ActiveCfg = Debug2|x86
		{A86EE399-7C93-42E1-80ED-CA4CBF4CA573}.Debug2|x86.Build.0 = Debug2|x86
		{A86EE399-7C93-42E1-80ED-CA4CBF4CA573}.Release|Any CPU.ActiveCfg = Release|x86
		{A86EE399-7C93-42E1-80ED-CA4CBF4CA573}.Release|x86.ActiveCfg = Release|x86
		{A86EE399-7C93-42E1-80ED-CA4CBF4CA573}.Release|x86.Build.0 = Release|x86
		{A86EE399-7C93-42E1-80ED-CA4CBF4CA573}.UnitTest|Any CPU.ActiveCfg = UnitTest|x86
		{A86EE399-7C93-42E1-80ED-CA4CBF4CA573}.UnitTest|x86.ActiveCfg = UnitTest|x86
		{A86EE399-7C93-42E1-80ED-CA4CBF4CA573}.UnitTest|x86.Build.0 = UnitTest|x86
		{A86EE399-7C93-42E1-80ED-CA4CBF4CA573}.UnitTests|Any CPU.ActiveCfg = Debug2|x86
		{A86EE399-7C93-42E1-80ED-CA4CBF4CA573}.UnitTests|Any CPU.Build.0 = Debug2|x86
		{A86EE399-7C93-42E1-80ED-CA4CBF4CA573}.UnitTests|x86.ActiveCfg = UnitTest|x86
		{A86EE399-7C93-42E1-80ED-CA4CBF4CA573}.UnitTests|x86.Build.0 = UnitTest|x86
		{B941A93F-6093-4DC6-AD11-91A058B6C2CC}.AutomatedBuild|Any CPU.ActiveCfg = AutomatedBuild|x86
		{B941A93F-6093-4DC6-AD11-91A058B6C2CC}.AutomatedBuild|x86.ActiveCfg = AutomatedBuild|x86
		{B941A93F-6093-4DC6-AD11-91A058B6C2CC}.AutomatedBuild|x86.Build.0 = AutomatedBuild|x86
		{B941A93F-6093-4DC6-AD11-91A058B6C2CC}.Debug|Any CPU.ActiveCfg = Debug|x86
		{B941A93F-6093-4DC6-AD11-91A058B6C2CC}.Debug|x86.ActiveCfg = Debug|x86
		{B941A93F-6093-4DC6-AD11-91A058B6C2CC}.Debug|x86.Build.0 = Debug|x86
		{B941A93F-6093-4DC6-AD11-91A058B6C2CC}.Debug2|Any CPU.ActiveCfg = Debug2|x86
		{B941A93F-6093-4DC6-AD11-91A058B6C2CC}.Debug2|x86.ActiveCfg = Debug2|x86
		{B941A93F-6093-4DC6-AD11-91A058B6C2CC}.Debug2|x86.Build.0 = Debug2|x86
		{B941A93F-6093-4DC6-AD11-91A058B6C2CC}.Release|Any CPU.ActiveCfg = Release|x86
		{B941A93F-6093-4DC6-AD11-91A058B6C2CC}.Release|x86.ActiveCfg = Release|x86
		{B941A93F-6093-4DC6-AD11-91A058B6C2CC}.Release|x86.Build.0 = Release|x86
		{B941A93F-6093-4DC6-AD11-91A058B6C2CC}.UnitTest|Any CPU.ActiveCfg = Debug2|x86
		{B941A93F-6093-4DC6-AD11-91A058B6C2CC}.UnitTest|Any CPU.Build.0 = Debug2|x86
		{B941A93F-6093-4DC6-AD11-91A058B6C2CC}.UnitTest|x86.ActiveCfg = Debug2|x86
		{B941A93F-6093-4DC6-AD11-91A058B6C2CC}.UnitTest|x86.Build.0 = Debug2|x86
		{B941A93F-6093-4DC6-AD11-91A058B6C2CC}.UnitTests|Any CPU.ActiveCfg = Debug2|x86
		{B941A93F-6093-4DC6-AD11-91A058B6C2CC}.UnitTests|Any CPU.Build.0 = Debug2|x86
		{B941A93F-6093-4DC6-AD11-91A058B6C2CC}.UnitTests|x86.ActiveCfg = Debug2|x86
		{B941A93F-6093-4DC6-AD11-91A058B6C2CC}.UnitTests|x86.Build.0 = Debug2|x86
		{47241002-7EB5-433B-B931-A530BB6B84EE}.AutomatedBuild|Any CPU.ActiveCfg = Debug2|x86
		{47241002-7EB5-433B-B931-A530BB6B84EE}.AutomatedBuild|Any CPU.Build.0 = Debug2|x86
		{47241002-7EB5-433B-B931-A530BB6B84EE}.AutomatedBuild|x86.ActiveCfg = Debug2|x86
		{47241002-7EB5-433B-B931-A530BB6B84EE}.AutomatedBuild|x86.Build.0 = Debug2|x86
		{47241002-7EB5-433B-B931-A530BB6B84EE}.Debug|Any CPU.ActiveCfg = Debug|x86
		{47241002-7EB5-433B-B931-A530BB6B84EE}.Debug|x86.ActiveCfg = Debug|x86
		{47241002-7EB5-433B-B931-A530BB6B84EE}.Debug|x86.Build.0 = Debug|x86
		{47241002-7EB5-433B-B931-A530BB6B84EE}.Debug2|Any CPU.ActiveCfg = Debug2|x86
		{47241002-7EB5-433B-B931-A530BB6B84EE}.Debug2|x86.ActiveCfg = Debug2|x86
		{47241002-7EB5-433B-B931-A530BB6B84EE}.Debug2|x86.Build.0 = Debug2|x86
		{47241002-7EB5-433B-B931-A530BB6B84EE}.Release|Any CPU.ActiveCfg = Release|x86
		{47241002-7EB5-433B-B931-A530BB6B84EE}.Release|x86.ActiveCfg = Release|x86
		{47241002-7EB5-433B-B931-A530BB6B84EE}.Release|x86.Build.0 = Release|x86
		{47241002-7EB5-433B-B931-A530BB6B84EE}.UnitTest|Any CPU.ActiveCfg = Debug2|x86
		{47241002-7EB5-433B-B931-A530BB6B84EE}.UnitTest|Any CPU.Build.0 = Debug2|x86
		{47241002-7EB5-433B-B931-A530BB6B84EE}.UnitTest|x86.ActiveCfg = Debug2|x86
		{47241002-7EB5-433B-B931-A530BB6B84EE}.UnitTest|x86.Build.0 = Debug2|x86
		{47241002-7EB5-433B-B931-A530BB6B84EE}.UnitTests|Any CPU.ActiveCfg = Debug2|x86
		{47241002-7EB5-433B-B931-A530BB6B84EE}.UnitTests|Any CPU.Build.0 = Debug2|x86
		{47241002-7EB5-433B-B931-A530BB6B84EE}.UnitTests|x86.ActiveCfg = Debug2|x86
		{47241002-7EB5-433B-B931-A530BB6B84EE}.UnitTests|x86.Build.0 = Debug2|x86
		{C39A973C-66D6-4A6C-82B5-AE0042F210F8}.AutomatedBuild|Any CPU.ActiveCfg = AutomatedBuild|x86
		{C39A973C-66D6-4A6C-82B5-AE0042F210F8}.AutomatedBuild|x86.ActiveCfg = AutomatedBuild|x86
		{C39A973C-66D6-4A6C-82B5-AE0042F210F8}.AutomatedBuild|x86.Build.0 = AutomatedBuild|x86
		{C39A973C-66D6-4A6C-82B5-AE0042F210F8}.Debug|Any CPU.ActiveCfg = Debug|x86
		{C39A973C-66D6-4A6C-82B5-AE0042F210F8}.Debug|x86.ActiveCfg = Debug|x86
		{C39A973C-66D6-4A6C-82B5-AE0042F210F8}.Debug|x86.Build.0 = Debug|x86
		{C39A973C-66D6-4A6C-82B5-AE0042F210F8}.Debug2|Any CPU.ActiveCfg = Debug2|x86
		{C39A973C-66D6-4A6C-82B5-AE0042F210F8}.Debug2|x86.ActiveCfg = Debug2|x86
		{C39A973C-66D6-4A6C-82B5-AE0042F210F8}.Debug2|x86.Build.0 = Debug2|x86
		{C39A973C-66D6-4A6C-82B5-AE0042F210F8}.Release|Any CPU.ActiveCfg = Release|x86
		{C39A973C-66D6-4A6C-82B5-AE0042F210F8}.Release|x86.ActiveCfg = Release|x86
		{C39A973C-66D6-4A6C-82B5-AE0042F210F8}.Release|x86.Build.0 = Release|x86
		{C39A973C-66D6-4A6C-82B5-AE0042F210F8}.UnitTest|Any CPU.ActiveCfg = Debug2|x86
		{C39A973C-66D6-4A6C-82B5-AE0042F210F8}.UnitTest|Any CPU.Build.0 = Debug2|x86
		{C39A973C-66D6-4A6C-82B5-AE0042F210F8}.UnitTest|x86.ActiveCfg = Debug2|x86
		{C39A973C-66D6-4A6C-82B5-AE0042F210F8}.UnitTest|x86.Build.0 = Debug2|x86
		{C39A973C-66D6-4A6C-82B5-AE0042F210F8}.UnitTests|Any CPU.ActiveCfg = Debug2|x86
		{C39A973C-66D6-4A6C-82B5-AE0042F210F8}.UnitTests|Any CPU.Build.0 = Debug2|x86
		{C39A973C-66D6-4A6C-82B5-AE0042F210F8}.UnitTests|x86.ActiveCfg = Debug2|x86
		{C39A973C-66D6-4A6C-82B5-AE0042F210F8}.UnitTests|x86.Build.0 = Debug2|x86
		{8C80BA7B-1CBA-4579-9382-D9DC6C365070}.AutomatedBuild|Any CPU.ActiveCfg = AutomatedBuild|Any CPU
		{8C80BA7B-1CBA-4579-9382-D9DC6C365070}.AutomatedBuild|Any CPU.Build.0 = AutomatedBuild|Any CPU
		{8C80BA7B-1CBA-4579-9382-D9DC6C365070}.AutomatedBuild|x86.ActiveCfg = AutomatedBuild|x86
		{8C80BA7B-1CBA-4579-9382-D9DC6C365070}.AutomatedBuild|x86.Build.0 = AutomatedBuild|x86
		{8C80BA7B-1CBA-4579-9382-D9DC6C365070}.Debug|Any CPU.ActiveCfg = Debug|Any CPU
		{8C80BA7B-1CBA-4579-9382-D9DC6C365070}.Debug|Any CPU.Build.0 = Debug|Any CPU
		{8C80BA7B-1CBA-4579-9382-D9DC6C365070}.Debug|x86.ActiveCfg = Debug|x86
		{8C80BA7B-1CBA-4579-9382-D9DC6C365070}.Debug|x86.Build.0 = Debug|x86
		{8C80BA7B-1CBA-4579-9382-D9DC6C365070}.Debug2|Any CPU.ActiveCfg = Debug|Any CPU
		{8C80BA7B-1CBA-4579-9382-D9DC6C365070}.Debug2|Any CPU.Build.0 = Debug|Any CPU
		{8C80BA7B-1CBA-4579-9382-D9DC6C365070}.Debug2|x86.ActiveCfg = Debug|x86
		{8C80BA7B-1CBA-4579-9382-D9DC6C365070}.Debug2|x86.Build.0 = Debug|x86
		{8C80BA7B-1CBA-4579-9382-D9DC6C365070}.Release|Any CPU.ActiveCfg = Release|Any CPU
		{8C80BA7B-1CBA-4579-9382-D9DC6C365070}.Release|Any CPU.Build.0 = Release|Any CPU
		{8C80BA7B-1CBA-4579-9382-D9DC6C365070}.Release|x86.ActiveCfg = Release|x86
		{8C80BA7B-1CBA-4579-9382-D9DC6C365070}.Release|x86.Build.0 = Release|x86
		{8C80BA7B-1CBA-4579-9382-D9DC6C365070}.UnitTest|Any CPU.ActiveCfg = AutomatedBuild|Any CPU
		{8C80BA7B-1CBA-4579-9382-D9DC6C365070}.UnitTest|Any CPU.Build.0 = AutomatedBuild|Any CPU
		{8C80BA7B-1CBA-4579-9382-D9DC6C365070}.UnitTest|x86.ActiveCfg = AutomatedBuild|x86
		{8C80BA7B-1CBA-4579-9382-D9DC6C365070}.UnitTest|x86.Build.0 = AutomatedBuild|x86
		{8C80BA7B-1CBA-4579-9382-D9DC6C365070}.UnitTests|Any CPU.ActiveCfg = AutomatedBuild|Any CPU
		{8C80BA7B-1CBA-4579-9382-D9DC6C365070}.UnitTests|Any CPU.Build.0 = AutomatedBuild|Any CPU
		{8C80BA7B-1CBA-4579-9382-D9DC6C365070}.UnitTests|x86.ActiveCfg = AutomatedBuild|x86
		{8C80BA7B-1CBA-4579-9382-D9DC6C365070}.UnitTests|x86.Build.0 = AutomatedBuild|x86
	EndGlobalSection
	GlobalSection(SolutionProperties) = preSolution
		HideSolutionNode = FALSE
	EndGlobalSection
	GlobalSection(ExtensibilityGlobals) = postSolution
		SolutionGuid = {FD3DCC8F-2C63-4F42-8482-3B4A9700F921}
	EndGlobalSection
EndGlobal
